// !$*UTF8*$!
{
	archiveVersion = 1;
	classes = {
	};
	objectVersion = 55;
	objects = {

/* Begin PBXBuildFile section */
		8181A380273B667A006686FD /* ExampleNibHeader.swift in Sources */ = {isa = PBXBuildFile; fileRef = 8181A37F273B667A006686FD /* ExampleNibHeader.swift */; };
		8181A382273B6685006686FD /* ExampleNibHeader.xib in Resources */ = {isa = PBXBuildFile; fileRef = 8181A381273B6685006686FD /* ExampleNibHeader.xib */; };
		8181A385273B6A2E006686FD /* ExampleNibCell.swift in Sources */ = {isa = PBXBuildFile; fileRef = 8181A383273B6A2E006686FD /* ExampleNibCell.swift */; };
		8181A386273B6A2E006686FD /* ExampleNibCell.xib in Resources */ = {isa = PBXBuildFile; fileRef = 8181A384273B6A2E006686FD /* ExampleNibCell.xib */; };
		8181A388273B725F006686FD /* YHTableView.swift in Sources */ = {isa = PBXBuildFile; fileRef = 8181A387273B725F006686FD /* YHTableView.swift */; };
		81A61060273A1E6C007B1948 /* AppDelegate.swift in Sources */ = {isa = PBXBuildFile; fileRef = 81A6105F273A1E6C007B1948 /* AppDelegate.swift */; };
		81A61064273A1E6C007B1948 /* ViewController.swift in Sources */ = {isa = PBXBuildFile; fileRef = 81A61063273A1E6C007B1948 /* ViewController.swift */; };
		81A61067273A1E6C007B1948 /* Main.storyboard in Resources */ = {isa = PBXBuildFile; fileRef = 81A61065273A1E6C007B1948 /* Main.storyboard */; };
		81A61069273A1E6E007B1948 /* Assets.xcassets in Resources */ = {isa = PBXBuildFile; fileRef = 81A61068273A1E6E007B1948 /* Assets.xcassets */; };
		81A6106C273A1E6E007B1948 /* LaunchScreen.storyboard in Resources */ = {isa = PBXBuildFile; fileRef = 81A6106A273A1E6E007B1948 /* LaunchScreen.storyboard */; };
		81A61077273A1E6E007B1948 /* YHTableExampleTests.swift in Sources */ = {isa = PBXBuildFile; fileRef = 81A61076273A1E6E007B1948 /* YHTableExampleTests.swift */; };
		81A61081273A1E6E007B1948 /* YHTableExampleUITests.swift in Sources */ = {isa = PBXBuildFile; fileRef = 81A61080273A1E6E007B1948 /* YHTableExampleUITests.swift */; };
		81A61083273A1E6E007B1948 /* YHTableExampleUITestsLaunchTests.swift in Sources */ = {isa = PBXBuildFile; fileRef = 81A61082273A1E6E007B1948 /* YHTableExampleUITestsLaunchTests.swift */; };
		81A61091273A1F9B007B1948 /* YHTableItemModel.swift in Sources */ = {isa = PBXBuildFile; fileRef = 81A61090273A1F9B007B1948 /* YHTableItemModel.swift */; };
		81A61093273A4148007B1948 /* YHTableSectionModel.swift in Sources */ = {isa = PBXBuildFile; fileRef = 81A61092273A4148007B1948 /* YHTableSectionModel.swift */; };
		81A61095273A4DE8007B1948 /* YHTbBaseDelegate.swift in Sources */ = {isa = PBXBuildFile; fileRef = 81A61094273A4DE8007B1948 /* YHTbBaseDelegate.swift */; };
		81A61098273A4F5E007B1948 /* ExampleHeader.swift in Sources */ = {isa = PBXBuildFile; fileRef = 81A61097273A4F5E007B1948 /* ExampleHeader.swift */; };
		81A6109A273A5104007B1948 /* ExampleCell.swift in Sources */ = {isa = PBXBuildFile; fileRef = 81A61099273A5104007B1948 /* ExampleCell.swift */; };
		81A6109C273A517A007B1948 /* ExampleFooter.swift in Sources */ = {isa = PBXBuildFile; fileRef = 81A6109B273A517A007B1948 /* ExampleFooter.swift */; };
/* End PBXBuildFile section */

/* Begin PBXContainerItemProxy section */
		81A61073273A1E6E007B1948 /* PBXContainerItemProxy */ = {
			isa = PBXContainerItemProxy;
			containerPortal = 81A61054273A1E6C007B1948 /* Project object */;
			proxyType = 1;
			remoteGlobalIDString = 81A6105B273A1E6C007B1948;
			remoteInfo = YHTableExample;
		};
		81A6107D273A1E6E007B1948 /* PBXContainerItemProxy */ = {
			isa = PBXContainerItemProxy;
			containerPortal = 81A61054273A1E6C007B1948 /* Project object */;
			proxyType = 1;
			remoteGlobalIDString = 81A6105B273A1E6C007B1948;
			remoteInfo = YHTableExample;
		};
/* End PBXContainerItemProxy section */

/* Begin PBXFileReference section */
		8181A37F273B667A006686FD /* ExampleNibHeader.swift */ = {isa = PBXFileReference; lastKnownFileType = sourcecode.swift; path = ExampleNibHeader.swift; sourceTree = "<group>"; };
		8181A381273B6685006686FD /* ExampleNibHeader.xib */ = {isa = PBXFileReference; lastKnownFileType = file.xib; path = ExampleNibHeader.xib; sourceTree = "<group>"; };
		8181A383273B6A2E006686FD /* ExampleNibCell.swift */ = {isa = PBXFileReference; lastKnownFileType = sourcecode.swift; path = ExampleNibCell.swift; sourceTree = "<group>"; };
		8181A384273B6A2E006686FD /* ExampleNibCell.xib */ = {isa = PBXFileReference; lastKnownFileType = file.xib; path = ExampleNibCell.xib; sourceTree = "<group>"; };
		8181A387273B725F006686FD /* YHTableView.swift */ = {isa = PBXFileReference; lastKnownFileType = sourcecode.swift; path = YHTableView.swift; sourceTree = "<group>"; };
		81A6105C273A1E6C007B1948 /* YHTableExample.app */ = {isa = PBXFileReference; explicitFileType = wrapper.application; includeInIndex = 0; path = YHTableExample.app; sourceTree = BUILT_PRODUCTS_DIR; };
		81A6105F273A1E6C007B1948 /* AppDelegate.swift */ = {isa = PBXFileReference; lastKnownFileType = sourcecode.swift; path = AppDelegate.swift; sourceTree = "<group>"; };
		81A61063273A1E6C007B1948 /* ViewController.swift */ = {isa = PBXFileReference; lastKnownFileType = sourcecode.swift; path = ViewController.swift; sourceTree = "<group>"; };
		81A61066273A1E6C007B1948 /* Base */ = {isa = PBXFileReference; lastKnownFileType = file.storyboard; name = Base; path = Base.lproj/Main.storyboard; sourceTree = "<group>"; };
		81A61068273A1E6E007B1948 /* Assets.xcassets */ = {isa = PBXFileReference; lastKnownFileType = folder.assetcatalog; path = Assets.xcassets; sourceTree = "<group>"; };
		81A6106B273A1E6E007B1948 /* Base */ = {isa = PBXFileReference; lastKnownFileType = file.storyboard; name = Base; path = Base.lproj/LaunchScreen.storyboard; sourceTree = "<group>"; };
		81A6106D273A1E6E007B1948 /* Info.plist */ = {isa = PBXFileReference; lastKnownFileType = text.plist.xml; path = Info.plist; sourceTree = "<group>"; };
		81A61072273A1E6E007B1948 /* YHTableExampleTests.xctest */ = {isa = PBXFileReference; explicitFileType = wrapper.cfbundle; includeInIndex = 0; path = YHTableExampleTests.xctest; sourceTree = BUILT_PRODUCTS_DIR; };
		81A61076273A1E6E007B1948 /* YHTableExampleTests.swift */ = {isa = PBXFileReference; lastKnownFileType = sourcecode.swift; path = YHTableExampleTests.swift; sourceTree = "<group>"; };
		81A6107C273A1E6E007B1948 /* YHTableExampleUITests.xctest */ = {isa = PBXFileReference; explicitFileType = wrapper.cfbundle; includeInIndex = 0; path = YHTableExampleUITests.xctest; sourceTree = BUILT_PRODUCTS_DIR; };
		81A61080273A1E6E007B1948 /* YHTableExampleUITests.swift */ = {isa = PBXFileReference; lastKnownFileType = sourcecode.swift; path = YHTableExampleUITests.swift; sourceTree = "<group>"; };
		81A61082273A1E6E007B1948 /* YHTableExampleUITestsLaunchTests.swift */ = {isa = PBXFileReference; lastKnownFileType = sourcecode.swift; path = YHTableExampleUITestsLaunchTests.swift; sourceTree = "<group>"; };
		81A61090273A1F9B007B1948 /* YHTableItemModel.swift */ = {isa = PBXFileReference; lastKnownFileType = sourcecode.swift; path = YHTableItemModel.swift; sourceTree = "<group>"; };
		81A61092273A4148007B1948 /* YHTableSectionModel.swift */ = {isa = PBXFileReference; lastKnownFileType = sourcecode.swift; path = YHTableSectionModel.swift; sourceTree = "<group>"; };
		81A61094273A4DE8007B1948 /* YHTbBaseDelegate.swift */ = {isa = PBXFileReference; lastKnownFileType = sourcecode.swift; path = YHTbBaseDelegate.swift; sourceTree = "<group>"; };
		81A61097273A4F5E007B1948 /* ExampleHeader.swift */ = {isa = PBXFileReference; lastKnownFileType = sourcecode.swift; path = ExampleHeader.swift; sourceTree = "<group>"; };
		81A61099273A5104007B1948 /* ExampleCell.swift */ = {isa = PBXFileReference; lastKnownFileType = sourcecode.swift; path = ExampleCell.swift; sourceTree = "<group>"; };
		81A6109B273A517A007B1948 /* ExampleFooter.swift */ = {isa = PBXFileReference; lastKnownFileType = sourcecode.swift; path = ExampleFooter.swift; sourceTree = "<group>"; };
/* End PBXFileReference section */

/* Begin PBXFrameworksBuildPhase section */
		81A61059273A1E6C007B1948 /* Frameworks */ = {
			isa = PBXFrameworksBuildPhase;
			buildActionMask = 2147483647;
			files = (
			);
			runOnlyForDeploymentPostprocessing = 0;
		};
		81A6106F273A1E6E007B1948 /* Frameworks */ = {
			isa = PBXFrameworksBuildPhase;
			buildActionMask = 2147483647;
			files = (
			);
			runOnlyForDeploymentPostprocessing = 0;
		};
		81A61079273A1E6E007B1948 /* Frameworks */ = {
			isa = PBXFrameworksBuildPhase;
			buildActionMask = 2147483647;
			files = (
			);
			runOnlyForDeploymentPostprocessing = 0;
		};
/* End PBXFrameworksBuildPhase section */

/* Begin PBXGroup section */
		81A61053273A1E6C007B1948 = {
			isa = PBXGroup;
			children = (
				81A6105E273A1E6C007B1948 /* YHTableExample */,
				81A61075273A1E6E007B1948 /* YHTableExampleTests */,
				81A6107F273A1E6E007B1948 /* YHTableExampleUITests */,
				81A6105D273A1E6C007B1948 /* Products */,
			);
			sourceTree = "<group>";
		};
		81A6105D273A1E6C007B1948 /* Products */ = {
			isa = PBXGroup;
			children = (
				81A6105C273A1E6C007B1948 /* YHTableExample.app */,
				81A61072273A1E6E007B1948 /* YHTableExampleTests.xctest */,
				81A6107C273A1E6E007B1948 /* YHTableExampleUITests.xctest */,
			);
			name = Products;
			sourceTree = "<group>";
		};
		81A6105E273A1E6C007B1948 /* YHTableExample */ = {
			isa = PBXGroup;
			children = (
				81A61096273A4F39007B1948 /* Example */,
				81A6108F273A1F6B007B1948 /* YHTableClass */,
				81A6105F273A1E6C007B1948 /* AppDelegate.swift */,
				81A61063273A1E6C007B1948 /* ViewController.swift */,
				81A61065273A1E6C007B1948 /* Main.storyboard */,
				81A61068273A1E6E007B1948 /* Assets.xcassets */,
				81A6106A273A1E6E007B1948 /* LaunchScreen.storyboard */,
				81A6106D273A1E6E007B1948 /* Info.plist */,
			);
			path = YHTableExample;
			sourceTree = "<group>";
		};
		81A61075273A1E6E007B1948 /* YHTableExampleTests */ = {
			isa = PBXGroup;
			children = (
				81A61076273A1E6E007B1948 /* YHTableExampleTests.swift */,
			);
			path = YHTableExampleTests;
			sourceTree = "<group>";
		};
		81A6107F273A1E6E007B1948 /* YHTableExampleUITests */ = {
			isa = PBXGroup;
			children = (
				81A61080273A1E6E007B1948 /* YHTableExampleUITests.swift */,
				81A61082273A1E6E007B1948 /* YHTableExampleUITestsLaunchTests.swift */,
			);
			path = YHTableExampleUITests;
			sourceTree = "<group>";
		};
		81A6108F273A1F6B007B1948 /* YHTableClass */ = {
			isa = PBXGroup;
			children = (
				81A61090273A1F9B007B1948 /* YHTableItemModel.swift */,
				81A61092273A4148007B1948 /* YHTableSectionModel.swift */,
				81A61094273A4DE8007B1948 /* YHTbBaseDelegate.swift */,
				8181A387273B725F006686FD /* YHTableView.swift */,
			);
			path = YHTableClass;
			sourceTree = "<group>";
		};
		81A61096273A4F39007B1948 /* Example */ = {
			isa = PBXGroup;
			children = (
				81A61097273A4F5E007B1948 /* ExampleHeader.swift */,
				81A61099273A5104007B1948 /* ExampleCell.swift */,
				81A6109B273A517A007B1948 /* ExampleFooter.swift */,
				8181A37F273B667A006686FD /* ExampleNibHeader.swift */,
				8181A381273B6685006686FD /* ExampleNibHeader.xib */,
				8181A383273B6A2E006686FD /* ExampleNibCell.swift */,
				8181A384273B6A2E006686FD /* ExampleNibCell.xib */,
			);
			path = Example;
			sourceTree = "<group>";
		};
/* End PBXGroup section */

/* Begin PBXNativeTarget section */
		81A6105B273A1E6C007B1948 /* YHTableExample */ = {
			isa = PBXNativeTarget;
			buildConfigurationList = 81A61086273A1E6E007B1948 /* Build configuration list for PBXNativeTarget "YHTableExample" */;
			buildPhases = (
				81A61058273A1E6C007B1948 /* Sources */,
				81A61059273A1E6C007B1948 /* Frameworks */,
				81A6105A273A1E6C007B1948 /* Resources */,
			);
			buildRules = (
			);
			dependencies = (
			);
			name = YHTableExample;
			productName = YHTableExample;
			productReference = 81A6105C273A1E6C007B1948 /* YHTableExample.app */;
			productType = "com.apple.product-type.application";
		};
		81A61071273A1E6E007B1948 /* YHTableExampleTests */ = {
			isa = PBXNativeTarget;
			buildConfigurationList = 81A61089273A1E6E007B1948 /* Build configuration list for PBXNativeTarget "YHTableExampleTests" */;
			buildPhases = (
				81A6106E273A1E6E007B1948 /* Sources */,
				81A6106F273A1E6E007B1948 /* Frameworks */,
				81A61070273A1E6E007B1948 /* Resources */,
			);
			buildRules = (
			);
			dependencies = (
				81A61074273A1E6E007B1948 /* PBXTargetDependency */,
			);
			name = YHTableExampleTests;
			productName = YHTableExampleTests;
			productReference = 81A61072273A1E6E007B1948 /* YHTableExampleTests.xctest */;
			productType = "com.apple.product-type.bundle.unit-test";
		};
		81A6107B273A1E6E007B1948 /* YHTableExampleUITests */ = {
			isa = PBXNativeTarget;
			buildConfigurationList = 81A6108C273A1E6E007B1948 /* Build configuration list for PBXNativeTarget "YHTableExampleUITests" */;
			buildPhases = (
				81A61078273A1E6E007B1948 /* Sources */,
				81A61079273A1E6E007B1948 /* Frameworks */,
				81A6107A273A1E6E007B1948 /* Resources */,
			);
			buildRules = (
			);
			dependencies = (
				81A6107E273A1E6E007B1948 /* PBXTargetDependency */,
			);
			name = YHTableExampleUITests;
			productName = YHTableExampleUITests;
			productReference = 81A6107C273A1E6E007B1948 /* YHTableExampleUITests.xctest */;
			productType = "com.apple.product-type.bundle.ui-testing";
		};
/* End PBXNativeTarget section */

/* Begin PBXProject section */
		81A61054273A1E6C007B1948 /* Project object */ = {
			isa = PBXProject;
			attributes = {
				BuildIndependentTargetsInParallel = 1;
				LastSwiftUpdateCheck = 1310;
				LastUpgradeCheck = 1310;
				TargetAttributes = {
					81A6105B273A1E6C007B1948 = {
						CreatedOnToolsVersion = 13.1;
					};
					81A61071273A1E6E007B1948 = {
						CreatedOnToolsVersion = 13.1;
						TestTargetID = 81A6105B273A1E6C007B1948;
					};
					81A6107B273A1E6E007B1948 = {
						CreatedOnToolsVersion = 13.1;
						TestTargetID = 81A6105B273A1E6C007B1948;
					};
				};
			};
			buildConfigurationList = 81A61057273A1E6C007B1948 /* Build configuration list for PBXProject "YHTableExample" */;
			compatibilityVersion = "Xcode 13.0";
			developmentRegion = en;
			hasScannedForEncodings = 0;
			knownRegions = (
				en,
				Base,
			);
			mainGroup = 81A61053273A1E6C007B1948;
			productRefGroup = 81A6105D273A1E6C007B1948 /* Products */;
			projectDirPath = "";
			projectRoot = "";
			targets = (
				81A6105B273A1E6C007B1948 /* YHTableExample */,
				81A61071273A1E6E007B1948 /* YHTableExampleTests */,
				81A6107B273A1E6E007B1948 /* YHTableExampleUITests */,
			);
		};
/* End PBXProject section */

/* Begin PBXResourcesBuildPhase section */
		81A6105A273A1E6C007B1948 /* Resources */ = {
			isa = PBXResourcesBuildPhase;
			buildActionMask = 2147483647;
			files = (
				81A6106C273A1E6E007B1948 /* LaunchScreen.storyboard in Resources */,
				81A61069273A1E6E007B1948 /* Assets.xcassets in Resources */,
				8181A386273B6A2E006686FD /* ExampleNibCell.xib in Resources */,
				81A61067273A1E6C007B1948 /* Main.storyboard in Resources */,
				8181A382273B6685006686FD /* ExampleNibHeader.xib in Resources */,
			);
			runOnlyForDeploymentPostprocessing = 0;
		};
		81A61070273A1E6E007B1948 /* Resources */ = {
			isa = PBXResourcesBuildPhase;
			buildActionMask = 2147483647;
			files = (
			);
			runOnlyForDeploymentPostprocessing = 0;
		};
		81A6107A273A1E6E007B1948 /* Resources */ = {
			isa = PBXResourcesBuildPhase;
			buildActionMask = 2147483647;
			files = (
			);
			runOnlyForDeploymentPostprocessing = 0;
		};
/* End PBXResourcesBuildPhase section */

/* Begin PBXSourcesBuildPhase section */
		81A61058273A1E6C007B1948 /* Sources */ = {
			isa = PBXSourcesBuildPhase;
			buildActionMask = 2147483647;
			files = (
				8181A385273B6A2E006686FD /* ExampleNibCell.swift in Sources */,
				81A61095273A4DE8007B1948 /* YHTbBaseDelegate.swift in Sources */,
				81A6109C273A517A007B1948 /* ExampleFooter.swift in Sources */,
				81A61098273A4F5E007B1948 /* ExampleHeader.swift in Sources */,
				81A61091273A1F9B007B1948 /* YHTableItemModel.swift in Sources */,
				81A61064273A1E6C007B1948 /* ViewController.swift in Sources */,
				8181A388273B725F006686FD /* YHTableView.swift in Sources */,
				81A6109A273A5104007B1948 /* ExampleCell.swift in Sources */,
				81A61060273A1E6C007B1948 /* AppDelegate.swift in Sources */,
				81A61093273A4148007B1948 /* YHTableSectionModel.swift in Sources */,
				8181A380273B667A006686FD /* ExampleNibHeader.swift in Sources */,
			);
			runOnlyForDeploymentPostprocessing = 0;
		};
		81A6106E273A1E6E007B1948 /* Sources */ = {
			isa = PBXSourcesBuildPhase;
			buildActionMask = 2147483647;
			files = (
				81A61077273A1E6E007B1948 /* YHTableExampleTests.swift in Sources */,
			);
			runOnlyForDeploymentPostprocessing = 0;
		};
		81A61078273A1E6E007B1948 /* Sources */ = {
			isa = PBXSourcesBuildPhase;
			buildActionMask = 2147483647;
			files = (
				81A61081273A1E6E007B1948 /* YHTableExampleUITests.swift in Sources */,
				81A61083273A1E6E007B1948 /* YHTableExampleUITestsLaunchTests.swift in Sources */,
			);
			runOnlyForDeploymentPostprocessing = 0;
		};
/* End PBXSourcesBuildPhase section */

/* Begin PBXTargetDependency section */
		81A61074273A1E6E007B1948 /* PBXTargetDependency */ = {
			isa = PBXTargetDependency;
			target = 81A6105B273A1E6C007B1948 /* YHTableExample */;
			targetProxy = 81A61073273A1E6E007B1948 /* PBXContainerItemProxy */;
		};
		81A6107E273A1E6E007B1948 /* PBXTargetDependency */ = {
			isa = PBXTargetDependency;
			target = 81A6105B273A1E6C007B1948 /* YHTableExample */;
			targetProxy = 81A6107D273A1E6E007B1948 /* PBXContainerItemProxy */;
		};
/* End PBXTargetDependency section */

/* Begin PBXVariantGroup section */
		81A61065273A1E6C007B1948 /* Main.storyboard */ = {
			isa = PBXVariantGroup;
			children = (
				81A61066273A1E6C007B1948 /* Base */,
			);
			name = Main.storyboard;
			sourceTree = "<group>";
		};
		81A6106A273A1E6E007B1948 /* LaunchScreen.storyboard */ = {
			isa = PBXVariantGroup;
			children = (
				81A6106B273A1E6E007B1948 /* Base */,
			);
			name = LaunchScreen.storyboard;
			sourceTree = "<group>";
		};
/* End PBXVariantGroup section */

/* Begin XCBuildConfiguration section */
		81A61084273A1E6E007B1948 /* Debug */ = {
			isa = XCBuildConfiguration;
			buildSettings = {
				ALWAYS_SEARCH_USER_PATHS = NO;
				CLANG_ANALYZER_NONNULL = YES;
				CLANG_ANALYZER_NUMBER_OBJECT_CONVERSION = YES_AGGRESSIVE;
				CLANG_CXX_LANGUAGE_STANDARD = "gnu++17";
				CLANG_CXX_LIBRARY = "libc++";
				CLANG_ENABLE_MODULES = YES;
				CLANG_ENABLE_OBJC_ARC = YES;
				CLANG_ENABLE_OBJC_WEAK = YES;
				CLANG_WARN_BLOCK_CAPTURE_AUTORELEASING = YES;
				CLANG_WARN_BOOL_CONVERSION = YES;
				CLANG_WARN_COMMA = YES;
				CLANG_WARN_CONSTANT_CONVERSION = YES;
				CLANG_WARN_DEPRECATED_OBJC_IMPLEMENTATIONS = YES;
				CLANG_WARN_DIRECT_OBJC_ISA_USAGE = YES_ERROR;
				CLANG_WARN_DOCUMENTATION_COMMENTS = YES;
				CLANG_WARN_EMPTY_BODY = YES;
				CLANG_WARN_ENUM_CONVERSION = YES;
				CLANG_WARN_INFINITE_RECURSION = YES;
				CLANG_WARN_INT_CONVERSION = YES;
				CLANG_WARN_NON_LITERAL_NULL_CONVERSION = YES;
				CLANG_WARN_OBJC_IMPLICIT_RETAIN_SELF = YES;
				CLANG_WARN_OBJC_LITERAL_CONVERSION = YES;
				CLANG_WARN_OBJC_ROOT_CLASS = YES_ERROR;
				CLANG_WARN_QUOTED_INCLUDE_IN_FRAMEWORK_HEADER = YES;
				CLANG_WARN_RANGE_LOOP_ANALYSIS = YES;
				CLANG_WARN_STRICT_PROTOTYPES = YES;
				CLANG_WARN_SUSPICIOUS_MOVE = YES;
				CLANG_WARN_UNGUARDED_AVAILABILITY = YES_AGGRESSIVE;
				CLANG_WARN_UNREACHABLE_CODE = YES;
				CLANG_WARN__DUPLICATE_METHOD_MATCH = YES;
				COPY_PHASE_STRIP = NO;
				DEBUG_INFORMATION_FORMAT = dwarf;
				ENABLE_STRICT_OBJC_MSGSEND = YES;
				ENABLE_TESTABILITY = YES;
				GCC_C_LANGUAGE_STANDARD = gnu11;
				GCC_DYNAMIC_NO_PIC = NO;
				GCC_NO_COMMON_BLOCKS = YES;
				GCC_OPTIMIZATION_LEVEL = 0;
				GCC_PREPROCESSOR_DEFINITIONS = (
					"DEBUG=1",
					"$(inherited)",
				);
				GCC_WARN_64_TO_32_BIT_CONVERSION = YES;
				GCC_WARN_ABOUT_RETURN_TYPE = YES_ERROR;
				GCC_WARN_UNDECLARED_SELECTOR = YES;
				GCC_WARN_UNINITIALIZED_AUTOS = YES_AGGRESSIVE;
				GCC_WARN_UNUSED_FUNCTION = YES;
				GCC_WARN_UNUSED_VARIABLE = YES;
				IPHONEOS_DEPLOYMENT_TARGET = 15.0;
				MTL_ENABLE_DEBUG_INFO = INCLUDE_SOURCE;
				MTL_FAST_MATH = YES;
				ONLY_ACTIVE_ARCH = YES;
				SDKROOT = iphoneos;
				SWIFT_ACTIVE_COMPILATION_CONDITIONS = DEBUG;
				SWIFT_OPTIMIZATION_LEVEL = "-Onone";
			};
			name = Debug;
		};
		81A61085273A1E6E007B1948 /* Release */ = {
			isa = XCBuildConfiguration;
			buildSettings = {
				ALWAYS_SEARCH_USER_PATHS = NO;
				CLANG_ANALYZER_NONNULL = YES;
				CLANG_ANALYZER_NUMBER_OBJECT_CONVERSION = YES_AGGRESSIVE;
				CLANG_CXX_LANGUAGE_STANDARD = "gnu++17";
				CLANG_CXX_LIBRARY = "libc++";
				CLANG_ENABLE_MODULES = YES;
				CLANG_ENABLE_OBJC_ARC = YES;
				CLANG_ENABLE_OBJC_WEAK = YES;
				CLANG_WARN_BLOCK_CAPTURE_AUTORELEASING = YES;
				CLANG_WARN_BOOL_CONVERSION = YES;
				CLANG_WARN_COMMA = YES;
				CLANG_WARN_CONSTANT_CONVERSION = YES;
				CLANG_WARN_DEPRECATED_OBJC_IMPLEMENTATIONS = YES;
				CLANG_WARN_DIRECT_OBJC_ISA_USAGE = YES_ERROR;
				CLANG_WARN_DOCUMENTATION_COMMENTS = YES;
				CLANG_WARN_EMPTY_BODY = YES;
				CLANG_WARN_ENUM_CONVERSION = YES;
				CLANG_WARN_INFINITE_RECURSION = YES;
				CLANG_WARN_INT_CONVERSION = YES;
				CLANG_WARN_NON_LITERAL_NULL_CONVERSION = YES;
				CLANG_WARN_OBJC_IMPLICIT_RETAIN_SELF = YES;
				CLANG_WARN_OBJC_LITERAL_CONVERSION = YES;
				CLANG_WARN_OBJC_ROOT_CLASS = YES_ERROR;
				CLANG_WARN_QUOTED_INCLUDE_IN_FRAMEWORK_HEADER = YES;
				CLANG_WARN_RANGE_LOOP_ANALYSIS = YES;
				CLANG_WARN_STRICT_PROTOTYPES = YES;
				CLANG_WARN_SUSPICIOUS_MOVE = YES;
				CLANG_WARN_UNGUARDED_AVAILABILITY = YES_AGGRESSIVE;
				CLANG_WARN_UNREACHABLE_CODE = YES;
				CLANG_WARN__DUPLICATE_METHOD_MATCH = YES;
				COPY_PHASE_STRIP = NO;
				DEBUG_INFORMATION_FORMAT = "dwarf-with-dsym";
				ENABLE_NS_ASSERTIONS = NO;
				ENABLE_STRICT_OBJC_MSGSEND = YES;
				GCC_C_LANGUAGE_STANDARD = gnu11;
				GCC_NO_COMMON_BLOCKS = YES;
				GCC_WARN_64_TO_32_BIT_CONVERSION = YES;
				GCC_WARN_ABOUT_RETURN_TYPE = YES_ERROR;
				GCC_WARN_UNDECLARED_SELECTOR = YES;
				GCC_WARN_UNINITIALIZED_AUTOS = YES_AGGRESSIVE;
				GCC_WARN_UNUSED_FUNCTION = YES;
				GCC_WARN_UNUSED_VARIABLE = YES;
				IPHONEOS_DEPLOYMENT_TARGET = 15.0;
				MTL_ENABLE_DEBUG_INFO = NO;
				MTL_FAST_MATH = YES;
				SDKROOT = iphoneos;
				SWIFT_COMPILATION_MODE = wholemodule;
				SWIFT_OPTIMIZATION_LEVEL = "-O";
				VALIDATE_PRODUCT = YES;
			};
			name = Release;
		};
		81A61087273A1E6E007B1948 /* Debug */ = {
			isa = XCBuildConfiguration;
			buildSettings = {
				ASSETCATALOG_COMPILER_APPICON_NAME = AppIcon;
				ASSETCATALOG_COMPILER_GLOBAL_ACCENT_COLOR_NAME = AccentColor;
				CODE_SIGN_STYLE = Automatic;
				CURRENT_PROJECT_VERSION = 1;
				GENERATE_INFOPLIST_FILE = YES;
				INFOPLIST_FILE = YHTableExample/Info.plist;
				INFOPLIST_KEY_UIApplicationSupportsIndirectInputEvents = YES;
				INFOPLIST_KEY_UILaunchStoryboardName = LaunchScreen;
				INFOPLIST_KEY_UIMainStoryboardFile = Main;
				INFOPLIST_KEY_UISupportedInterfaceOrientations_iPad = "UIInterfaceOrientationPortrait UIInterfaceOrientationPortraitUpsideDown UIInterfaceOrientationLandscapeLeft UIInterfaceOrientationLandscapeRight";
				INFOPLIST_KEY_UISupportedInterfaceOrientations_iPhone = "UIInterfaceOrientationPortrait UIInterfaceOrientationLandscapeLeft UIInterfaceOrientationLandscapeRight";
				LD_RUNPATH_SEARCH_PATHS = (
					"$(inherited)",
					"@executable_path/Frameworks",
				);
				MARKETING_VERSION = 1.0;
				PRODUCT_BUNDLE_IDENTIFIER = com.demo.YHTableExample;
				PRODUCT_NAME = "$(TARGET_NAME)";
				SWIFT_EMIT_LOC_STRINGS = YES;
				SWIFT_VERSION = 5.0;
				TARGETED_DEVICE_FAMILY = "1,2";
			};
			name = Debug;
		};
		81A61088273A1E6E007B1948 /* Release */ = {
			isa = XCBuildConfiguration;
			buildSettings = {
				ASSETCATALOG_COMPILER_APPICON_NAME = AppIcon;
				ASSETCATALOG_COMPILER_GLOBAL_ACCENT_COLOR_NAME = AccentColor;
				CODE_SIGN_STYLE = Automatic;
				CURRENT_PROJECT_VERSION = 1;
				GENERATE_INFOPLIST_FILE = YES;
				INFOPLIST_FILE = YHTableExample/Info.plist;
				INFOPLIST_KEY_UIApplicationSupportsIndirectInputEvents = YES;
				INFOPLIST_KEY_UILaunchStoryboardName = LaunchScreen;
				INFOPLIST_KEY_UIMainStoryboardFile = Main;
				INFOPLIST_KEY_UISupportedInterfaceOrientations_iPad = "UIInterfaceOrientationPortrait UIInterfaceOrientationPortraitUpsideDown UIInterfaceOrientationLandscapeLeft UIInterfaceOrientationLandscapeRight";
				INFOPLIST_KEY_UISupportedInterfaceOrientations_iPhone = "UIInterfaceOrientationPortrait UIInterfaceOrientationLandscapeLeft UIInterfaceOrientationLandscapeRight";
				LD_RUNPATH_SEARCH_PATHS = (
					"$(inherited)",
					"@executable_path/Frameworks",
				);
				MARKETING_VERSION = 1.0;
				PRODUCT_BUNDLE_IDENTIFIER = com.demo.YHTableExample;
				PRODUCT_NAME = "$(TARGET_NAME)";
				SWIFT_EMIT_LOC_STRINGS = YES;
				SWIFT_VERSION = 5.0;
				TARGETED_DEVICE_FAMILY = "1,2";
			};
			name = Release;
		};
		81A6108A273A1E6E007B1948 /* Debug */ = {
			isa = XCBuildConfiguration;
			buildSettings = {
				ALWAYS_EMBED_SWIFT_STANDARD_LIBRARIES = YES;
				BUNDLE_LOADER = "$(TEST_HOST)";
				CODE_SIGN_STYLE = Automatic;
				CURRENT_PROJECT_VERSION = 1;
				GENERATE_INFOPLIST_FILE = YES;
				IPHONEOS_DEPLOYMENT_TARGET = 15.0;
				LD_RUNPATH_SEARCH_PATHS = (
					"$(inherited)",
					"@executable_path/Frameworks",
					"@loader_path/Frameworks",
				);
				MARKETING_VERSION = 1.0;
				PRODUCT_BUNDLE_IDENTIFIER = com.demo.YHTableExampleTests;
				PRODUCT_NAME = "$(TARGET_NAME)";
				SWIFT_EMIT_LOC_STRINGS = NO;
				SWIFT_VERSION = 5.0;
				TARGETED_DEVICE_FAMILY = "1,2";
				TEST_HOST = "$(BUILT_PRODUCTS_DIR)/YHTableExample.app/YHTableExample";
			};
			name = Debug;
		};
		81A6108B273A1E6E007B1948 /* Release */ = {
			isa = XCBuildConfiguration;
			buildSettings = {
				ALWAYS_EMBED_SWIFT_STANDARD_LIBRARIES = YES;
				BUNDLE_LOADER = "$(TEST_HOST)";
				CODE_SIGN_STYLE = Automatic;
				CURRENT_PROJECT_VERSION = 1;
				GENERATE_INFOPLIST_FILE = YES;
				IPHONEOS_DEPLOYMENT_TARGET = 15.0;
				LD_RUNPATH_SEARCH_PATHS = (
					"$(inherited)",
					"@executable_path/Frameworks",
					"@loader_path/Frameworks",
				);
				MARKETING_VERSION = 1.0;
				PRODUCT_BUNDLE_IDENTIFIER = com.demo.YHTableExampleTests;
				PRODUCT_NAME = "$(TARGET_NAME)";
				SWIFT_EMIT_LOC_STRINGS = NO;
				SWIFT_VERSION = 5.0;
				TARGETED_DEVICE_FAMILY = "1,2";
				TEST_HOST = "$(BUILT_PRODUCTS_DIR)/YHTableExample.app/YHTableExample";
			};
			name = Release;
		};
		81A6108D273A1E6E007B1948 /* Debug */ = {
			isa = XCBuildConfiguration;
			buildSettings = {
				ALWAYS_EMBED_SWIFT_STANDARD_LIBRARIES = YES;
				CODE_SIGN_STYLE = Automatic;
				CURRENT_PROJECT_VERSION = 1;
				GENERATE_INFOPLIST_FILE = YES;
				LD_RUNPATH_SEARCH_PATHS = (
					"$(inherited)",
					"@executable_path/Frameworks",
					"@loader_path/Frameworks",
				);
				MARKETING_VERSION = 1.0;
				PRODUCT_BUNDLE_IDENTIFIER = com.demo.YHTableExampleUITests;
				PRODUCT_NAME = "$(TARGET_NAME)";
				SWIFT_EMIT_LOC_STRINGS = NO;
				SWIFT_VERSION = 5.0;
				TARGETED_DEVICE_FAMILY = "1,2";
				TEST_TARGET_NAME = YHTableExample;
			};
			name = Debug;
		};
		81A6108E273A1E6E007B1948 /* Release */ = {
			isa = XCBuildConfiguration;
			buildSettings = {
				ALWAYS_EMBED_SWIFT_STANDARD_LIBRARIES = YES;
				CODE_SIGN_STYLE = Automatic;
				CURRENT_PROJECT_VERSION = 1;
				GENERATE_INFOPLIST_FILE = YES;
				LD_RUNPATH_SEARCH_PATHS = (
					"$(inherited)",
					"@executable_path/Frameworks",
					"@loader_path/Frameworks",
				);
				MARKETING_VERSION = 1.0;
				PRODUCT_BUNDLE_IDENTIFIER = com.demo.YHTableExampleUITests;
				PRODUCT_NAME = "$(TARGET_NAME)";
				SWIFT_EMIT_LOC_STRINGS = NO;
				SWIFT_VERSION = 5.0;
				TARGETED_DEVICE_FAMILY = "1,2";
				TEST_TARGET_NAME = YHTableExample;
			};
			name = Release;
		};
/* End XCBuildConfiguration section */

/* Begin XCConfigurationList section */
		81A61057273A1E6C007B1948 /* Build configuration list for PBXProject "YHTableExample" */ = {
			isa = XCConfigurationList;
			buildConfigurations = (
				81A61084273A1E6E007B1948 /* Debug */,
				81A61085273A1E6E007B1948 /* Release */,
			);
			defaultConfigurationIsVisible = 0;
			defaultConfigurationName = Release;
		};
		81A61086273A1E6E007B1948 /* Build configuration list for PBXNativeTarget "YHTableExample" */ = {
			isa = XCConfigurationList;
			buildConfigurations = (
				81A61087273A1E6E007B1948 /* Debug */,
				81A61088273A1E6E007B1948 /* Release */,
			);
			defaultConfigurationIsVisible = 0;
			defaultConfigurationName = Release;
		};
		81A61089273A1E6E007B1948 /* Build configuration list for PBXNativeTarget "YHTableExampleTests" */ = {
			isa = XCConfigurationList;
			buildConfigurations = (
				81A6108A273A1E6E007B1948 /* Debug */,
				81A6108B273A1E6E007B1948 /* Release */,
			);
			defaultConfigurationIsVisible = 0;
			defaultConfigurationName = Release;
		};
		81A6108C273A1E6E007B1948 /* Build configuration list for PBXNativeTarget "YHTableExampleUITests" */ = {
			isa = XCConfigurationList;
			buildConfigurations = (
				81A6108D273A1E6E007B1948 /* Debug */,
				81A6108E273A1E6E007B1948 /* Release */,
			);
			defaultConfigurationIsVisible = 0;
			defaultConfigurationName = Release;
		};
/* End XCConfigurationList section */
	};
	rootObject = 81A61054273A1E6C007B1948 /* Project object */;
}
